
Microsoft Visual Studio Solution File, Format Version 12.00
# Visual Studio 15
Project("{FAE04EC0-301F-11D3-BF4B-00C04F79EFBC}") = "Unity.Timeline", "Unity.Timeline.csproj", "{5B3E08B6-E46B-13D3-ADA6-63C01DD8AA10}"
EndProject
Project("{FAE04EC0-301F-11D3-BF4B-00C04F79EFBC}") = "Unity.Timeline.Editor", "Unity.Timeline.Editor.csproj", "{B04092CC-44E4-48B3-0765-361E9BFD7ABC}"
EndProject
Project("{FAE04EC0-301F-11D3-BF4B-00C04F79EFBC}") = "Unity.TextMeshPro.Editor", "Unity.TextMeshPro.Editor.csproj", "{51943404-F7EE-BEAA-B19D-E651CC92CB4A}"
EndProject
Project("{FAE04EC0-301F-11D3-BF4B-00C04F79EFBC}") = "Unity.VisualScripting.Flow", "Unity.VisualScripting.Flow.csproj", "{870BFB1A-62C1-44DF-4328-397F20CBE9F1}"
EndProject
Project("{FAE04EC0-301F-11D3-BF4B-00C04F79EFBC}") = "UnityEditor.UI", "UnityEditor.UI.csproj", "{F9E71055-11B5-63A9-8DC9-17D4836A9B3F}"
EndProject
Project("{FAE04EC0-301F-11D3-BF4B-00C04F79EFBC}") = "Unity.PlasticSCM.Editor", "Unity.PlasticSCM.Editor.csproj", "{D5D9AF27-AC52-C2A5-D7C8-0CE981240A32}"
EndProject
Project("{FAE04EC0-301F-11D3-BF4B-00C04F79EFBC}") = "Unity.VisualScripting.Core", "Unity.VisualScripting.Core.csproj", "{AABE8745-9AA3-D29D-3965-23997FE7DBE8}"
EndProject
Project("{FAE04EC0-301F-11D3-BF4B-00C04F79EFBC}") = "Unity.VisualScripting.Core.Editor", "Unity.VisualScripting.Core.Editor.csproj", "{E3A37D67-5003-F5BB-47AE-0F9AFC9AE34F}"
EndProject
Project("{FAE04EC0-301F-11D3-BF4B-00C04F79EFBC}") = "Unity.VisualScripting.Flow.Editor", "Unity.VisualScripting.Flow.Editor.csproj", "{1D1C3A28-B709-B99C-4484-661464961658}"
EndProject
Project("{FAE04EC0-301F-11D3-BF4B-00C04F79EFBC}") = "UnityEditor.TestRunner", "UnityEditor.TestRunner.csproj", "{C16C0AF8-4732-7CA9-BDF5-9A9D9E824B6E}"
EndProject
Project("{FAE04EC0-301F-11D3-BF4B-00C04F79EFBC}") = "Unity.VisualScripting.SettingsProvider.Editor", "Unity.VisualScripting.SettingsProvider.Editor.csproj", "{25E44CBB-4A61-2E71-217E-92B276C5D36E}"
EndProject
Project("{FAE04EC0-301F-11D3-BF4B-00C04F79EFBC}") = "UnityEngine.TestRunner", "UnityEngine.TestRunner.csproj", "{56E0089A-E0EA-A941-E3E2-5CC9F5C70D3E}"
EndProject
Project("{FAE04EC0-301F-11D3-BF4B-00C04F79EFBC}") = "Assembly-CSharp", "Assembly-CSharp.csproj", "{A7A00DE8-2BF4-A024-B226-EE9E5DA7B34A}"
EndProject
Project("{FAE04EC0-301F-11D3-BF4B-00C04F79EFBC}") = "UnityEngine.UI", "UnityEngine.UI.csproj", "{5539B81D-B99E-4AE8-62EF-CB25ED12DCF6}"
EndProject
Project("{FAE04EC0-301F-11D3-BF4B-00C04F79EFBC}") = "Unity.VisualStudio.Editor", "Unity.VisualStudio.Editor.csproj", "{474BADDD-8272-5880-C040-C2CB9122FF84}"
EndProject
Project("{FAE04EC0-301F-11D3-BF4B-00C04F79EFBC}") = "Unity.TestTools.CodeCoverage.Editor.OpenCover.Model", "Unity.TestTools.CodeCoverage.Editor.OpenCover.Model.csproj", "{3D2F4E42-499F-7EDB-8317-2EDC88A340D3}"
EndProject
Project("{FAE04EC0-301F-11D3-BF4B-00C04F79EFBC}") = "Unity.Rider.Editor", "Unity.Rider.Editor.csproj", "{6EF1414B-9AD3-B3EE-E304-30859B7DF7DD}"
EndProject
Project("{FAE04EC0-301F-11D3-BF4B-00C04F79EFBC}") = "Unity.VisualScripting.State.Editor", "Unity.VisualScripting.State.Editor.csproj", "{C81F0BDC-2901-38D3-D07E-A9D1C095B259}"
EndProject
Project("{FAE04EC0-301F-11D3-BF4B-00C04F79EFBC}") = "Unity.TestTools.CodeCoverage.Editor", "Unity.TestTools.CodeCoverage.Editor.csproj", "{1C6637D7-0C39-A254-9FE2-364749E6F078}"
EndProject
Project("{FAE04EC0-301F-11D3-BF4B-00C04F79EFBC}") = "Unity.VisualScripting.State", "Unity.VisualScripting.State.csproj", "{1E84BE42-249E-6E9F-50D0-0025429EE802}"
EndProject
Project("{FAE04EC0-301F-11D3-BF4B-00C04F79EFBC}") = "Unity.TextMeshPro", "Unity.TextMeshPro.csproj", "{FCE32165-AE84-3F1F-F64D-20722770BE48}"
EndProject
Project("{FAE04EC0-301F-11D3-BF4B-00C04F79EFBC}") = "Unity.Performance.Profile-Analyzer.Editor", "Unity.Performance.Profile-Analyzer.Editor.csproj", "{6B744063-ABB4-0271-687F-5CB9EC354FFD}"
EndProject
Project("{FAE04EC0-301F-11D3-BF4B-00C04F79EFBC}") = "Unity.VSCode.Editor", "Unity.VSCode.Editor.csproj", "{7D4A161F-CF79-527E-4FC7-B2734A987BC1}"
EndProject
Project("{FAE04EC0-301F-11D3-BF4B-00C04F79EFBC}") = "Unity.TestTools.CodeCoverage.Editor.OpenCover.Mono.Reflection", "Unity.TestTools.CodeCoverage.Editor.OpenCover.Mono.Reflection.csproj", "{EA931216-52EE-71BF-A4C1-6315F142825F}"
EndProject
Project("{FAE04EC0-301F-11D3-BF4B-00C04F79EFBC}") = "Unity.Settings.Editor", "Unity.Settings.Editor.csproj", "{DC1CBFF1-3B4A-CF15-39A8-3339D1457410}"
EndProject
Project("{FAE04EC0-301F-11D3-BF4B-00C04F79EFBC}") = "Unity.EditorCoroutines.Editor", "Unity.EditorCoroutines.Editor.csproj", "{9322729F-6110-2DD7-9810-53DC2DBE47EE}"
EndProject
Project("{FAE04EC0-301F-11D3-BF4B-00C04F79EFBC}") = "Unity.VisualScripting.Shared.Editor", "Unity.VisualScripting.Shared.Editor.csproj", "{684E843B-5C79-4FDB-5660-E37FBFEFB27D}"
EndProject
Project("{FAE04EC0-301F-11D3-BF4B-00C04F79EFBC}") = "Unity.CollabProxy.Editor", "Unity.CollabProxy.Editor.csproj", "{D2C1580F-B8D1-1DF6-663F-A87E555561D1}"
EndProject
Project("{FAE04EC0-301F-11D3-BF4B-00C04F79EFBC}") = "Unity.Timeline", "Unity.Timeline.Player.csproj", "{91A12DBD-6982-EC82-4F08-BC3AD09D1B65}"
EndProject
Project("{FAE04EC0-301F-11D3-BF4B-00C04F79EFBC}") = "Unity.VisualScripting.Flow", "Unity.VisualScripting.Flow.Player.csproj", "{A0773F54-8F94-8B90-9E2E-7429EF9ABB62}"
EndProject
Project("{FAE04EC0-301F-11D3-BF4B-00C04F79EFBC}") = "Unity.VisualScripting.Core", "Unity.VisualScripting.Core.Player.csproj", "{A41909EE-823F-538B-3B21-1CA8B43A372B}"
EndProject
Project("{FAE04EC0-301F-11D3-BF4B-00C04F79EFBC}") = "UnityEngine.TestRunner", "UnityEngine.TestRunner.Player.csproj", "{9A4ADFE7-0A30-7D81-8D82-D7F6630B2D39}"
EndProject
Project("{FAE04EC0-301F-11D3-BF4B-00C04F79EFBC}") = "Assembly-CSharp", "Assembly-CSharp.Player.csproj", "{405E748B-643C-06AC-AA34-519B34FFBA6E}"
EndProject
Project("{FAE04EC0-301F-11D3-BF4B-00C04F79EFBC}") = "UnityEngine.UI", "UnityEngine.UI.Player.csproj", "{AE290BE0-F9FE-9E1F-3658-62CB8249085D}"
EndProject
Project("{FAE04EC0-301F-11D3-BF4B-00C04F79EFBC}") = "Unity.VisualScripting.State", "Unity.VisualScripting.State.Player.csproj", "{79EDB1A5-30E1-51DE-58D7-6A56CB3447C0}"
EndProject
Project("{FAE04EC0-301F-11D3-BF4B-00C04F79EFBC}") = "Unity.TextMeshPro", "Unity.TextMeshPro.Player.csproj", "{2493ACF7-990B-BC7F-345C-692E7D08055F}"
EndProject
Global
	GlobalSection(SolutionConfigurationPlatforms) = preSolution
		Debug|Any CPU = Debug|Any CPU
		Release|Any CPU = Release|Any CPU
	EndGlobalSection
	GlobalSection(ProjectConfigurationPlatforms) = postSolution
		{5B3E08B6-E46B-13D3-ADA6-63C01DD8AA10}.Debug|Any CPU.ActiveCfg = Debug|Any CPU
		{5B3E08B6-E46B-13D3-ADA6-63C01DD8AA10}.Debug|Any CPU.Build.0 = Debug|Any CPU
		{5B3E08B6-E46B-13D3-ADA6-63C01DD8AA10}.Release|Any CPU.ActiveCfg = Release|Any CPU
		{5B3E08B6-E46B-13D3-ADA6-63C01DD8AA10}.Release|Any CPU.Build.0 = Release|Any CPU
		{B04092CC-44E4-48B3-0765-361E9BFD7ABC}.Debug|Any CPU.ActiveCfg = Debug|Any CPU
		{B04092CC-44E4-48B3-0765-361E9BFD7ABC}.Debug|Any CPU.Build.0 = Debug|Any CPU
		{B04092CC-44E4-48B3-0765-361E9BFD7ABC}.Release|Any CPU.ActiveCfg = Release|Any CPU
		{B04092CC-44E4-48B3-0765-361E9BFD7ABC}.Release|Any CPU.Build.0 = Release|Any CPU
		{51943404-F7EE-BEAA-B19D-E651CC92CB4A}.Debug|Any CPU.ActiveCfg = Debug|Any CPU
		{51943404-F7EE-BEAA-B19D-E651CC92CB4A}.Debug|Any CPU.Build.0 = Debug|Any CPU
		{51943404-F7EE-BEAA-B19D-E651CC92CB4A}.Release|Any CPU.ActiveCfg = Release|Any CPU
		{51943404-F7EE-BEAA-B19D-E651CC92CB4A}.Release|Any CPU.Build.0 = Release|Any CPU
		{870BFB1A-62C1-44DF-4328-397F20CBE9F1}.Debug|Any CPU.ActiveCfg = Debug|Any CPU
		{870BFB1A-62C1-44DF-4328-397F20CBE9F1}.Debug|Any CPU.Build.0 = Debug|Any CPU
		{870BFB1A-62C1-44DF-4328-397F20CBE9F1}.Release|Any CPU.ActiveCfg = Release|Any CPU
		{870BFB1A-62C1-44DF-4328-397F20CBE9F1}.Release|Any CPU.Build.0 = Release|Any CPU
		{F9E71055-11B5-63A9-8DC9-17D4836A9B3F}.Debug|Any CPU.ActiveCfg = Debug|Any CPU
		{F9E71055-11B5-63A9-8DC9-17D4836A9B3F}.Debug|Any CPU.Build.0 = Debug|Any CPU
		{F9E71055-11B5-63A9-8DC9-17D4836A9B3F}.Release|Any CPU.ActiveCfg = Release|Any CPU
		{F9E71055-11B5-63A9-8DC9-17D4836A9B3F}.Release|Any CPU.Build.0 = Release|Any CPU
		{D5D9AF27-AC52-C2A5-D7C8-0CE981240A32}.Debug|Any CPU.ActiveCfg = Debug|Any CPU
		{D5D9AF27-AC52-C2A5-D7C8-0CE981240A32}.Debug|Any CPU.Build.0 = Debug|Any CPU
		{D5D9AF27-AC52-C2A5-D7C8-0CE981240A32}.Release|Any CPU.ActiveCfg = Release|Any CPU
		{D5D9AF27-AC52-C2A5-D7C8-0CE981240A32}.Release|Any CPU.Build.0 = Release|Any CPU
		{AABE8745-9AA3-D29D-3965-23997FE7DBE8}.Debug|Any CPU.ActiveCfg = Debug|Any CPU
		{AABE8745-9AA3-D29D-3965-23997FE7DBE8}.Debug|Any CPU.Build.0 = Debug|Any CPU
		{AABE8745-9AA3-D29D-3965-23997FE7DBE8}.Release|Any CPU.ActiveCfg = Release|Any CPU
		{AABE8745-9AA3-D29D-3965-23997FE7DBE8}.Release|Any CPU.Build.0 = Release|Any CPU
		{E3A37D67-5003-F5BB-47AE-0F9AFC9AE34F}.Debug|Any CPU.ActiveCfg = Debug|Any CPU
		{E3A37D67-5003-F5BB-47AE-0F9AFC9AE34F}.Debug|Any CPU.Build.0 = Debug|Any CPU
		{E3A37D67-5003-F5BB-47AE-0F9AFC9AE34F}.Release|Any CPU.ActiveCfg = Release|Any CPU
		{E3A37D67-5003-F5BB-47AE-0F9AFC9AE34F}.Release|Any CPU.Build.0 = Release|Any CPU
		{1D1C3A28-B709-B99C-4484-661464961658}.Debug|Any CPU.ActiveCfg = Debug|Any CPU
		{1D1C3A28-B709-B99C-4484-661464961658}.Debug|Any CPU.Build.0 = Debug|Any CPU
		{1D1C3A28-B709-B99C-4484-661464961658}.Release|Any CPU.ActiveCfg = Release|Any CPU
		{1D1C3A28-B709-B99C-4484-661464961658}.Release|Any CPU.Build.0 = Release|Any CPU
		{C16C0AF8-4732-7CA9-BDF5-9A9D9E824B6E}.Debug|Any CPU.ActiveCfg = Debug|Any CPU
		{C16C0AF8-4732-7CA9-BDF5-9A9D9E824B6E}.Debug|Any CPU.Build.0 = Debug|Any CPU
		{C16C0AF8-4732-7CA9-BDF5-9A9D9E824B6E}.Release|Any CPU.ActiveCfg = Release|Any CPU
		{C16C0AF8-4732-7CA9-BDF5-9A9D9E824B6E}.Release|Any CPU.Build.0 = Release|Any CPU
		{25E44CBB-4A61-2E71-217E-92B276C5D36E}.Debug|Any CPU.ActiveCfg = Debug|Any CPU
		{25E44CBB-4A61-2E71-217E-92B276C5D36E}.Debug|Any CPU.Build.0 = Debug|Any CPU
		{25E44CBB-4A61-2E71-217E-92B276C5D36E}.Release|Any CPU.ActiveCfg = Release|Any CPU
		{25E44CBB-4A61-2E71-217E-92B276C5D36E}.Release|Any CPU.Build.0 = Release|Any CPU
		{56E0089A-E0EA-A941-E3E2-5CC9F5C70D3E}.Debug|Any CPU.ActiveCfg = Debug|Any CPU
		{56E0089A-E0EA-A941-E3E2-5CC9F5C70D3E}.Debug|Any CPU.Build.0 = Debug|Any CPU
		{56E0089A-E0EA-A941-E3E2-5CC9F5C70D3E}.Release|Any CPU.ActiveCfg = Release|Any CPU
		{56E0089A-E0EA-A941-E3E2-5CC9F5C70D3E}.Release|Any CPU.Build.0 = Release|Any CPU
		{A7A00DE8-2BF4-A024-B226-EE9E5DA7B34A}.Debug|Any CPU.ActiveCfg = Debug|Any CPU
		{A7A00DE8-2BF4-A024-B226-EE9E5DA7B34A}.Debug|Any CPU.Build.0 = Debug|Any CPU
		{A7A00DE8-2BF4-A024-B226-EE9E5DA7B34A}.Release|Any CPU.ActiveCfg = Release|Any CPU
		{A7A00DE8-2BF4-A024-B226-EE9E5DA7B34A}.Release|Any CPU.Build.0 = Release|Any CPU
		{5539B81D-B99E-4AE8-62EF-CB25ED12DCF6}.Debug|Any CPU.ActiveCfg = Debug|Any CPU
		{5539B81D-B99E-4AE8-62EF-CB25ED12DCF6}.Debug|Any CPU.Build.0 = Debug|Any CPU
		{5539B81D-B99E-4AE8-62EF-CB25ED12DCF6}.Release|Any CPU.ActiveCfg = Release|Any CPU
		{5539B81D-B99E-4AE8-62EF-CB25ED12DCF6}.Release|Any CPU.Build.0 = Release|Any CPU
		{474BADDD-8272-5880-C040-C2CB9122FF84}.Debug|Any CPU.ActiveCfg = Debug|Any CPU
		{474BADDD-8272-5880-C040-C2CB9122FF84}.Debug|Any CPU.Build.0 = Debug|Any CPU
		{474BADDD-8272-5880-C040-C2CB9122FF84}.Release|Any CPU.ActiveCfg = Release|Any CPU
		{474BADDD-8272-5880-C040-C2CB9122FF84}.Release|Any CPU.Build.0 = Release|Any CPU
		{3D2F4E42-499F-7EDB-8317-2EDC88A340D3}.Debug|Any CPU.ActiveCfg = Debug|Any CPU
		{3D2F4E42-499F-7EDB-8317-2EDC88A340D3}.Debug|Any CPU.Build.0 = Debug|Any CPU
		{3D2F4E42-499F-7EDB-8317-2EDC88A340D3}.Release|Any CPU.ActiveCfg = Release|Any CPU
		{3D2F4E42-499F-7EDB-8317-2EDC88A340D3}.Release|Any CPU.Build.0 = Release|Any CPU
		{6EF1414B-9AD3-B3EE-E304-30859B7DF7DD}.Debug|Any CPU.ActiveCfg = Debug|Any CPU
		{6EF1414B-9AD3-B3EE-E304-30859B7DF7DD}.Debug|Any CPU.Build.0 = Debug|Any CPU
		{6EF1414B-9AD3-B3EE-E304-30859B7DF7DD}.Release|Any CPU.ActiveCfg = Release|Any CPU
		{6EF1414B-9AD3-B3EE-E304-30859B7DF7DD}.Release|Any CPU.Build.0 = Release|Any CPU
		{C81F0BDC-2901-38D3-D07E-A9D1C095B259}.Debug|Any CPU.ActiveCfg = Debug|Any CPU
		{C81F0BDC-2901-38D3-D07E-A9D1C095B259}.Debug|Any CPU.Build.0 = Debug|Any CPU
		{C81F0BDC-2901-38D3-D07E-A9D1C095B259}.Release|Any CPU.ActiveCfg = Release|Any CPU
		{C81F0BDC-2901-38D3-D07E-A9D1C095B259}.Release|Any CPU.Build.0 = Release|Any CPU
		{1C6637D7-0C39-A254-9FE2-364749E6F078}.Debug|Any CPU.ActiveCfg = Debug|Any CPU
		{1C6637D7-0C39-A254-9FE2-364749E6F078}.Debug|Any CPU.Build.0 = Debug|Any CPU
		{1C6637D7-0C39-A254-9FE2-364749E6F078}.Release|Any CPU.ActiveCfg = Release|Any CPU
		{1C6637D7-0C39-A254-9FE2-364749E6F078}.Release|Any CPU.Build.0 = Release|Any CPU
		{1E84BE42-249E-6E9F-50D0-0025429EE802}.Debug|Any CPU.ActiveCfg = Debug|Any CPU
		{1E84BE42-249E-6E9F-50D0-0025429EE802}.Debug|Any CPU.Build.0 = Debug|Any CPU
		{1E84BE42-249E-6E9F-50D0-0025429EE802}.Release|Any CPU.ActiveCfg = Release|Any CPU
		{1E84BE42-249E-6E9F-50D0-0025429EE802}.Release|Any CPU.Build.0 = Release|Any CPU
		{FCE32165-AE84-3F1F-F64D-20722770BE48}.Debug|Any CPU.ActiveCfg = Debug|Any CPU
		{FCE32165-AE84-3F1F-F64D-20722770BE48}.Debug|Any CPU.Build.0 = Debug|Any CPU
		{FCE32165-AE84-3F1F-F64D-20722770BE48}.Release|Any CPU.ActiveCfg = Release|Any CPU
		{FCE32165-AE84-3F1F-F64D-20722770BE48}.Release|Any CPU.Build.0 = Release|Any CPU
		{6B744063-ABB4-0271-687F-5CB9EC354FFD}.Debug|Any CPU.ActiveCfg = Debug|Any CPU
		{6B744063-ABB4-0271-687F-5CB9EC354FFD}.Debug|Any CPU.Build.0 = Debug|Any CPU
		{6B744063-ABB4-0271-687F-5CB9EC354FFD}.Release|Any CPU.ActiveCfg = Release|Any CPU
		{6B744063-ABB4-0271-687F-5CB9EC354FFD}.Release|Any CPU.Build.0 = Release|Any CPU
		{7D4A161F-CF79-527E-4FC7-B2734A987BC1}.Debug|Any CPU.ActiveCfg = Debug|Any CPU
		{7D4A161F-CF79-527E-4FC7-B2734A987BC1}.Debug|Any CPU.Build.0 = Debug|Any CPU
		{7D4A161F-CF79-527E-4FC7-B2734A987BC1}.Release|Any CPU.ActiveCfg = Release|Any CPU
		{7D4A161F-CF79-527E-4FC7-B2734A987BC1}.Release|Any CPU.Build.0 = Release|Any CPU
		{EA931216-52EE-71BF-A4C1-6315F142825F}.Debug|Any CPU.ActiveCfg = Debug|Any CPU
		{EA931216-52EE-71BF-A4C1-6315F142825F}.Debug|Any CPU.Build.0 = Debug|Any CPU
		{EA931216-52EE-71BF-A4C1-6315F142825F}.Release|Any CPU.ActiveCfg = Release|Any CPU
		{EA931216-52EE-71BF-A4C1-6315F142825F}.Release|Any CPU.Build.0 = Release|Any CPU
		{DC1CBFF1-3B4A-CF15-39A8-3339D1457410}.Debug|Any CPU.ActiveCfg = Debug|Any CPU
		{DC1CBFF1-3B4A-CF15-39A8-3339D1457410}.Debug|Any CPU.Build.0 = Debug|Any CPU
		{DC1CBFF1-3B4A-CF15-39A8-3339D1457410}.Release|Any CPU.ActiveCfg = Release|Any CPU
		{DC1CBFF1-3B4A-CF15-39A8-3339D1457410}.Release|Any CPU.Build.0 = Release|Any CPU
		{9322729F-6110-2DD7-9810-53DC2DBE47EE}.Debug|Any CPU.ActiveCfg = Debug|Any CPU
		{9322729F-6110-2DD7-9810-53DC2DBE47EE}.Debug|Any CPU.Build.0 = Debug|Any CPU
		{9322729F-6110-2DD7-9810-53DC2DBE47EE}.Release|Any CPU.ActiveCfg = Release|Any CPU
		{9322729F-6110-2DD7-9810-53DC2DBE47EE}.Release|Any CPU.Build.0 = Release|Any CPU
		{684E843B-5C79-4FDB-5660-E37FBFEFB27D}.Debug|Any CPU.ActiveCfg = Debug|Any CPU
		{684E843B-5C79-4FDB-5660-E37FBFEFB27D}.Debug|Any CPU.Build.0 = Debug|Any CPU
		{684E843B-5C79-4FDB-5660-E37FBFEFB27D}.Release|Any CPU.ActiveCfg = Release|Any CPU
		{684E843B-5C79-4FDB-5660-E37FBFEFB27D}.Release|Any CPU.Build.0 = Release|Any CPU
		{D2C1580F-B8D1-1DF6-663F-A87E555561D1}.Debug|Any CPU.ActiveCfg = Debug|Any CPU
		{D2C1580F-B8D1-1DF6-663F-A87E555561D1}.Debug|Any CPU.Build.0 = Debug|Any CPU
		{D2C1580F-B8D1-1DF6-663F-A87E555561D1}.Release|Any CPU.ActiveCfg = Release|Any CPU
		{D2C1580F-B8D1-1DF6-663F-A87E555561D1}.Release|Any CPU.Build.0 = Release|Any CPU
		{91A12DBD-6982-EC82-4F08-BC3AD09D1B65}.Debug|Any CPU.ActiveCfg = Debug|Any CPU
		{91A12DBD-6982-EC82-4F08-BC3AD09D1B65}.Debug|Any CPU.Build.0 = Debug|Any CPU
		{91A12DBD-6982-EC82-4F08-BC3AD09D1B65}.Release|Any CPU.ActiveCfg = Release|Any CPU
		{91A12DBD-6982-EC82-4F08-BC3AD09D1B65}.Release|Any CPU.Build.0 = Release|Any CPU
		{A0773F54-8F94-8B90-9E2E-7429EF9ABB62}.Debug|Any CPU.ActiveCfg = Debug|Any CPU
		{A0773F54-8F94-8B90-9E2E-7429EF9ABB62}.Debug|Any CPU.Build.0 = Debug|Any CPU
		{A0773F54-8F94-8B90-9E2E-7429EF9ABB62}.Release|Any CPU.ActiveCfg = Release|Any CPU
		{A0773F54-8F94-8B90-9E2E-7429EF9ABB62}.Release|Any CPU.Build.0 = Release|Any CPU
		{A41909EE-823F-538B-3B21-1CA8B43A372B}.Debug|Any CPU.ActiveCfg = Debug|Any CPU
		{A41909EE-823F-538B-3B21-1CA8B43A372B}.Debug|Any CPU.Build.0 = Debug|Any CPU
		{A41909EE-823F-538B-3B21-1CA8B43A372B}.Release|Any CPU.ActiveCfg = Release|Any CPU
		{A41909EE-823F-538B-3B21-1CA8B43A372B}.Release|Any CPU.Build.0 = Release|Any CPU
		{9A4ADFE7-0A30-7D81-8D82-D7F6630B2D39}.Debug|Any CPU.ActiveCfg = Debug|Any CPU
		{9A4ADFE7-0A30-7D81-8D82-D7F6630B2D39}.Debug|Any CPU.Build.0 = Debug|Any CPU
		{9A4ADFE7-0A30-7D81-8D82-D7F6630B2D39}.Release|Any CPU.ActiveCfg = Release|Any CPU
		{9A4ADFE7-0A30-7D81-8D82-D7F6630B2D39}.Release|Any CPU.Build.0 = Release|Any CPU
		{405E748B-643C-06AC-AA34-519B34FFBA6E}.Debug|Any CPU.ActiveCfg = Debug|Any CPU
		{405E748B-643C-06AC-AA34-519B34FFBA6E}.Debug|Any CPU.Build.0 = Debug|Any CPU
		{405E748B-643C-06AC-AA34-519B34FFBA6E}.Release|Any CPU.ActiveCfg = Release|Any CPU
		{405E748B-643C-06AC-AA34-519B34FFBA6E}.Release|Any CPU.Build.0 = Release|Any CPU
		{AE290BE0-F9FE-9E1F-3658-62CB8249085D}.Debug|Any CPU.ActiveCfg = Debug|Any CPU
		{AE290BE0-F9FE-9E1F-3658-62CB8249085D}.Debug|Any CPU.Build.0 = Debug|Any CPU
		{AE290BE0-F9FE-9E1F-3658-62CB8249085D}.Release|Any CPU.ActiveCfg = Release|Any CPU
		{AE290BE0-F9FE-9E1F-3658-62CB8249085D}.Release|Any CPU.Build.0 = Release|Any CPU
		{79EDB1A5-30E1-51DE-58D7-6A56CB3447C0}.Debug|Any CPU.ActiveCfg = Debug|Any CPU
		{79EDB1A5-30E1-51DE-58D7-6A56CB3447C0}.Debug|Any CPU.Build.0 = Debug|Any CPU
		{79EDB1A5-30E1-51DE-58D7-6A56CB3447C0}.Release|Any CPU.ActiveCfg = Release|Any CPU
		{79EDB1A5-30E1-51DE-58D7-6A56CB3447C0}.Release|Any CPU.Build.0 = Release|Any CPU
		{2493ACF7-990B-BC7F-345C-692E7D08055F}.Debug|Any CPU.ActiveCfg = Debug|Any CPU
		{2493ACF7-990B-BC7F-345C-692E7D08055F}.Debug|Any CPU.Build.0 = Debug|Any CPU
		{2493ACF7-990B-BC7F-345C-692E7D08055F}.Release|Any CPU.ActiveCfg = Release|Any CPU
		{2493ACF7-990B-BC7F-345C-692E7D08055F}.Release|Any CPU.Build.0 = Release|Any CPU
	EndGlobalSection
	GlobalSection(SolutionProperties) = preSolution
		HideSolutionNode = FALSE
	EndGlobalSection
EndGlobal
